
Microsoft Visual Studio Solution File, Format Version 12.00
# Visual Studio Version 17
VisualStudioVersion = 17.10.35027.167
MinimumVisualStudioVersion = 10.0.40219.1
Project("{FAE04EC0-301F-11D3-BF4B-00C04F79EFBC}") = "vkladani_cisel", "vkladani_cisel\vkladani_cisel.csproj", "{A01E1808-964C-4F33-8840-9B3FAF21D105}"
EndProject
Global
	GlobalSection(SolutionConfigurationPlatforms) = preSolution
		Debug|Any CPU = Debug|Any CPU
		Release|Any CPU = Release|Any CPU
	EndGlobalSection
	GlobalSection(ProjectConfigurationPlatforms) = postSolution
		{A01E1808-964C-4F33-8840-9B3FAF21D105}.Debug|Any CPU.ActiveCfg = Debug|Any CPU
		{A01E1808-964C-4F33-8840-9B3FAF21D105}.Debug|Any CPU.Build.0 = Debug|Any CPU
		{A01E1808-964C-4F33-8840-9B3FAF21D105}.Release|Any CPU.ActiveCfg = Release|Any CPU
		{A01E1808-964C-4F33-8840-9B3FAF21D105}.Release|Any CPU.Build.0 = Release|Any CPU
	EndGlobalSection
	GlobalSection(SolutionProperties) = preSolution
		HideSolutionNode = FALSE
	EndGlobalSection
	GlobalSection(ExtensibilityGlobals) = postSolution
		SolutionGuid = {0A824AF2-FE87-4A6B-9D7A-3E2F45C66996}
	EndGlobalSection
EndGlobal
